// !$*UTF8*$!
{
	archiveVersion = 1;
	classes = {
	};
	objectVersion = 46;
	objects = {

/* Begin PBXBuildFile section */
		29C992121C7FBE44009A5875 /* AppDelegate.swift in Sources */ = {isa = PBXBuildFile; fileRef = 29C992111C7FBE44009A5875 /* AppDelegate.swift */; };
		29C992141C7FBE44009A5875 /* ViewController.swift in Sources */ = {isa = PBXBuildFile; fileRef = 29C992131C7FBE44009A5875 /* ViewController.swift */; };
		29C992171C7FBE44009A5875 /* Main.storyboard in Resources */ = {isa = PBXBuildFile; fileRef = 29C992151C7FBE44009A5875 /* Main.storyboard */; };
		29C992191C7FBE44009A5875 /* Assets.xcassets in Resources */ = {isa = PBXBuildFile; fileRef = 29C992181C7FBE44009A5875 /* Assets.xcassets */; };
		29C9921C1C7FBE44009A5875 /* LaunchScreen.storyboard in Resources */ = {isa = PBXBuildFile; fileRef = 29C9921A1C7FBE44009A5875 /* LaunchScreen.storyboard */; };
		29C992251C7FC3CF009A5875 /* HolderView.swift in Sources */ = {isa = PBXBuildFile; fileRef = 29C992241C7FC3CF009A5875 /* HolderView.swift */; };
		29C9922B1C7FC40E009A5875 /* ArcLayer.swift in Sources */ = {isa = PBXBuildFile; fileRef = 29C992271C7FC40E009A5875 /* ArcLayer.swift */; };
		29C9922C1C7FC40E009A5875 /* OvalLayer.swift in Sources */ = {isa = PBXBuildFile; fileRef = 29C992281C7FC40E009A5875 /* OvalLayer.swift */; };
		29C9922D1C7FC40E009A5875 /* RectangleLayer.swift in Sources */ = {isa = PBXBuildFile; fileRef = 29C992291C7FC40E009A5875 /* RectangleLayer.swift */; };
		29C9922E1C7FC40E009A5875 /* TriangleLayer.swift in Sources */ = {isa = PBXBuildFile; fileRef = 29C9922A1C7FC40E009A5875 /* TriangleLayer.swift */; };
		29C992321C7FC440009A5875 /* Colors.swift in Sources */ = {isa = PBXBuildFile; fileRef = 29C992311C7FC440009A5875 /* Colors.swift */; };
		29C992341C7FC933009A5875 /* MapViewController.swift in Sources */ = {isa = PBXBuildFile; fileRef = 29C992331C7FC933009A5875 /* MapViewController.swift */; };
		981C4E41C341EA323AC0ADCF /* libPods-WhereUAt.a in Frameworks */ = {isa = PBXBuildFile; fileRef = BCE0F06C4468281B90BA5D4C /* libPods-WhereUAt.a */; };
/* End PBXBuildFile section */

/* Begin PBXFileReference section */
		1B872254887E2164F286703E /* Pods-WhereUAt.release.xcconfig */ = {isa = PBXFileReference; includeInIndex = 1; lastKnownFileType = text.xcconfig; name = "Pods-WhereUAt.release.xcconfig"; path = "Pods/Target Support Files/Pods-WhereUAt/Pods-WhereUAt.release.xcconfig"; sourceTree = "<group>"; };
		29C9920E1C7FBE44009A5875 /* WhereUAt.app */ = {isa = PBXFileReference; explicitFileType = wrapper.application; includeInIndex = 0; path = WhereUAt.app; sourceTree = BUILT_PRODUCTS_DIR; };
		29C992111C7FBE44009A5875 /* AppDelegate.swift */ = {isa = PBXFileReference; lastKnownFileType = sourcecode.swift; path = AppDelegate.swift; sourceTree = "<group>"; };
		29C992131C7FBE44009A5875 /* ViewController.swift */ = {isa = PBXFileReference; lastKnownFileType = sourcecode.swift; path = ViewController.swift; sourceTree = "<group>"; };
		29C992161C7FBE44009A5875 /* Base */ = {isa = PBXFileReference; lastKnownFileType = file.storyboard; name = Base; path = Base.lproj/Main.storyboard; sourceTree = "<group>"; };
		29C992181C7FBE44009A5875 /* Assets.xcassets */ = {isa = PBXFileReference; lastKnownFileType = folder.assetcatalog; path = Assets.xcassets; sourceTree = "<group>"; };
		29C9921B1C7FBE44009A5875 /* Base */ = {isa = PBXFileReference; lastKnownFileType = file.storyboard; name = Base; path = Base.lproj/LaunchScreen.storyboard; sourceTree = "<group>"; };
		29C9921D1C7FBE44009A5875 /* Info.plist */ = {isa = PBXFileReference; lastKnownFileType = text.plist.xml; path = Info.plist; sourceTree = "<group>"; };
		29C992241C7FC3CF009A5875 /* HolderView.swift */ = {isa = PBXFileReference; fileEncoding = 4; lastKnownFileType = sourcecode.swift; path = HolderView.swift; sourceTree = "<group>"; };
		29C992271C7FC40E009A5875 /* ArcLayer.swift */ = {isa = PBXFileReference; fileEncoding = 4; lastKnownFileType = sourcecode.swift; path = ArcLayer.swift; sourceTree = "<group>"; };
		29C992281C7FC40E009A5875 /* OvalLayer.swift */ = {isa = PBXFileReference; fileEncoding = 4; lastKnownFileType = sourcecode.swift; path = OvalLayer.swift; sourceTree = "<group>"; };
		29C992291C7FC40E009A5875 /* RectangleLayer.swift */ = {isa = PBXFileReference; fileEncoding = 4; lastKnownFileType = sourcecode.swift; path = RectangleLayer.swift; sourceTree = "<group>"; };
		29C9922A1C7FC40E009A5875 /* TriangleLayer.swift */ = {isa = PBXFileReference; fileEncoding = 4; lastKnownFileType = sourcecode.swift; path = TriangleLayer.swift; sourceTree = "<group>"; };
		29C992311C7FC440009A5875 /* Colors.swift */ = {isa = PBXFileReference; fileEncoding = 4; lastKnownFileType = sourcecode.swift; path = Colors.swift; sourceTree = "<group>"; };
		29C992331C7FC933009A5875 /* MapViewController.swift */ = {isa = PBXFileReference; fileEncoding = 4; lastKnownFileType = sourcecode.swift; path = MapViewController.swift; sourceTree = "<group>"; };
		66F6B1ED97594162441E0951 /* Pods-WhereUAt.debug.xcconfig */ = {isa = PBXFileReference; includeInIndex = 1; lastKnownFileType = text.xcconfig; name = "Pods-WhereUAt.debug.xcconfig"; path = "Pods/Target Support Files/Pods-WhereUAt/Pods-WhereUAt.debug.xcconfig"; sourceTree = "<group>"; };
		BCE0F06C4468281B90BA5D4C /* libPods-WhereUAt.a */ = {isa = PBXFileReference; explicitFileType = archive.ar; includeInIndex = 0; path = "libPods-WhereUAt.a"; sourceTree = BUILT_PRODUCTS_DIR; };
/* End PBXFileReference section */

/* Begin PBXFrameworksBuildPhase section */
		29C9920B1C7FBE44009A5875 /* Frameworks */ = {
			isa = PBXFrameworksBuildPhase;
			buildActionMask = 2147483647;
			files = (
				981C4E41C341EA323AC0ADCF /* libPods-WhereUAt.a in Frameworks */,
			);
			runOnlyForDeploymentPostprocessing = 0;
		};
/* End PBXFrameworksBuildPhase section */

/* Begin PBXGroup section */
		29C992051C7FBE44009A5875 = {
			isa = PBXGroup;
			children = (
				29C992101C7FBE44009A5875 /* WhereUAt */,
				29C9920F1C7FBE44009A5875 /* Products */,
				A7D417108DB5B8B511D21A90 /* Pods */,
				DAFA9DBA720955D19D85A5D7 /* Frameworks */,
			);
			sourceTree = "<group>";
		};
		29C9920F1C7FBE44009A5875 /* Products */ = {
			isa = PBXGroup;
			children = (
				29C9920E1C7FBE44009A5875 /* WhereUAt.app */,
			);
			name = Products;
			sourceTree = "<group>";
		};
		29C992101C7FBE44009A5875 /* WhereUAt */ = {
			isa = PBXGroup;
			children = (
				29C992301C7FC42D009A5875 /* Utilities */,
				29C992231C7FC3AF009A5875 /* Loder View */,
				29C992111C7FBE44009A5875 /* AppDelegate.swift */,
				29C992131C7FBE44009A5875 /* ViewController.swift */,
				29C992151C7FBE44009A5875 /* Main.storyboard */,
				29C992181C7FBE44009A5875 /* Assets.xcassets */,
				29C9921A1C7FBE44009A5875 /* LaunchScreen.storyboard */,
				29C9921D1C7FBE44009A5875 /* Info.plist */,
				29C992331C7FC933009A5875 /* MapViewController.swift */,
			);
			path = WhereUAt;
			sourceTree = "<group>";
		};
		29C992231C7FC3AF009A5875 /* Loder View */ = {
			isa = PBXGroup;
			children = (
				29C992261C7FC3E5009A5875 /* Layers */,
				29C992241C7FC3CF009A5875 /* HolderView.swift */,
			);
			name = "Loder View";
			sourceTree = "<group>";
		};
		29C992261C7FC3E5009A5875 /* Layers */ = {
			isa = PBXGroup;
			children = (
				29C992271C7FC40E009A5875 /* ArcLayer.swift */,
				29C992281C7FC40E009A5875 /* OvalLayer.swift */,
				29C992291C7FC40E009A5875 /* RectangleLayer.swift */,
				29C9922A1C7FC40E009A5875 /* TriangleLayer.swift */,
			);
			name = Layers;
			sourceTree = "<group>";
		};
		29C992301C7FC42D009A5875 /* Utilities */ = {
			isa = PBXGroup;
			children = (
				29C992311C7FC440009A5875 /* Colors.swift */,
			);
			name = Utilities;
			sourceTree = "<group>";
		};
		A7D417108DB5B8B511D21A90 /* Pods */ = {
			isa = PBXGroup;
			children = (
				66F6B1ED97594162441E0951 /* Pods-WhereUAt.debug.xcconfig */,
				1B872254887E2164F286703E /* Pods-WhereUAt.release.xcconfig */,
			);
			name = Pods;
			sourceTree = "<group>";
		};
		DAFA9DBA720955D19D85A5D7 /* Frameworks */ = {
			isa = PBXGroup;
			children = (
				BCE0F06C4468281B90BA5D4C /* libPods-WhereUAt.a */,
			);
			name = Frameworks;
			sourceTree = "<group>";
		};
/* End PBXGroup section */

/* Begin PBXNativeTarget section */
		29C9920D1C7FBE44009A5875 /* WhereUAt */ = {
			isa = PBXNativeTarget;
			buildConfigurationList = 29C992201C7FBE44009A5875 /* Build configuration list for PBXNativeTarget "WhereUAt" */;
			buildPhases = (
				2884E51BD3E026094B90A370 /* Check Pods Manifest.lock */,
				29C9920A1C7FBE44009A5875 /* Sources */,
				29C9920B1C7FBE44009A5875 /* Frameworks */,
				29C9920C1C7FBE44009A5875 /* Resources */,
				B60A56FC8EF1D9A31F4DB9A7 /* Embed Pods Frameworks */,
				438578C3A39258DEE0358BAB /* Copy Pods Resources */,
			);
			buildRules = (
			);
			dependencies = (
			);
			name = WhereUAt;
			productName = WhereUAt;
			productReference = 29C9920E1C7FBE44009A5875 /* WhereUAt.app */;
			productType = "com.apple.product-type.application";
		};
/* End PBXNativeTarget section */

/* Begin PBXProject section */
		29C992061C7FBE44009A5875 /* Project object */ = {
			isa = PBXProject;
			attributes = {
				LastSwiftUpdateCheck = 0720;
				LastUpgradeCheck = 0720;
				ORGANIZATIONNAME = WhereUAt;
				TargetAttributes = {
					29C9920D1C7FBE44009A5875 = {
						CreatedOnToolsVersion = 7.2.1;
					};
				};
			};
			buildConfigurationList = 29C992091C7FBE44009A5875 /* Build configuration list for PBXProject "WhereUAt" */;
			compatibilityVersion = "Xcode 3.2";
			developmentRegion = English;
			hasScannedForEncodings = 0;
			knownRegions = (
				en,
				Base,
			);
			mainGroup = 29C992051C7FBE44009A5875;
			productRefGroup = 29C9920F1C7FBE44009A5875 /* Products */;
			projectDirPath = "";
			projectRoot = "";
			targets = (
				29C9920D1C7FBE44009A5875 /* WhereUAt */,
			);
		};
/* End PBXProject section */

/* Begin PBXResourcesBuildPhase section */
		29C9920C1C7FBE44009A5875 /* Resources */ = {
			isa = PBXResourcesBuildPhase;
			buildActionMask = 2147483647;
			files = (
				29C9921C1C7FBE44009A5875 /* LaunchScreen.storyboard in Resources */,
				29C992191C7FBE44009A5875 /* Assets.xcassets in Resources */,
				29C992171C7FBE44009A5875 /* Main.storyboard in Resources */,
			);
			runOnlyForDeploymentPostprocessing = 0;
		};
/* End PBXResourcesBuildPhase section */

/* Begin PBXShellScriptBuildPhase section */
		2884E51BD3E026094B90A370 /* Check Pods Manifest.lock */ = {
			isa = PBXShellScriptBuildPhase;
			buildActionMask = 2147483647;
			files = (
			);
			inputPaths = (
			);
			name = "Check Pods Manifest.lock";
			outputPaths = (
			);
			runOnlyForDeploymentPostprocessing = 0;
			shellPath = /bin/sh;
			shellScript = "diff \"${PODS_ROOT}/../Podfile.lock\" \"${PODS_ROOT}/Manifest.lock\" > /dev/null\nif [[ $? != 0 ]] ; then\n    cat << EOM\nerror: The sandbox is not in sync with the Podfile.lock. Run 'pod install' or update your CocoaPods installation.\nEOM\n    exit 1\nfi\n";
			showEnvVarsInLog = 0;
		};
		438578C3A39258DEE0358BAB /* Copy Pods Resources */ = {
			isa = PBXShellScriptBuildPhase;
			buildActionMask = 2147483647;
			files = (
			);
			inputPaths = (
			);
			name = "Copy Pods Resources";
			outputPaths = (
			);
			runOnlyForDeploymentPostprocessing = 0;
			shellPath = /bin/sh;
			shellScript = "\"${SRCROOT}/Pods/Target Support Files/Pods-WhereUAt/Pods-WhereUAt-resources.sh\"\n";
			showEnvVarsInLog = 0;
		};
		B60A56FC8EF1D9A31F4DB9A7 /* Embed Pods Frameworks */ = {
			isa = PBXShellScriptBuildPhase;
			buildActionMask = 2147483647;
			files = (
			);
			inputPaths = (
			);
			name = "Embed Pods Frameworks";
			outputPaths = (
			);
			runOnlyForDeploymentPostprocessing = 0;
			shellPath = /bin/sh;
			shellScript = "\"${SRCROOT}/Pods/Target Support Files/Pods-WhereUAt/Pods-WhereUAt-frameworks.sh\"\n";
			showEnvVarsInLog = 0;
		};
/* End PBXShellScriptBuildPhase section */

/* Begin PBXSourcesBuildPhase section */
		29C9920A1C7FBE44009A5875 /* Sources */ = {
			isa = PBXSourcesBuildPhase;
			buildActionMask = 2147483647;
			files = (
				29C9922C1C7FC40E009A5875 /* OvalLayer.swift in Sources */,
				29C992321C7FC440009A5875 /* Colors.swift in Sources */,
				29C9922B1C7FC40E009A5875 /* ArcLayer.swift in Sources */,
				29C992251C7FC3CF009A5875 /* HolderView.swift in Sources */,
				29C992341C7FC933009A5875 /* MapViewController.swift in Sources */,
				29C992141C7FBE44009A5875 /* ViewController.swift in Sources */,
				29C992121C7FBE44009A5875 /* AppDelegate.swift in Sources */,
				29C9922D1C7FC40E009A5875 /* RectangleLayer.swift in Sources */,
				29C9922E1C7FC40E009A5875 /* TriangleLayer.swift in Sources */,
			);
			runOnlyForDeploymentPostprocessing = 0;
		};
/* End PBXSourcesBuildPhase section */

/* Begin PBXVariantGroup section */
		29C992151C7FBE44009A5875 /* Main.storyboard */ = {
			isa = PBXVariantGroup;
			children = (
				29C992161C7FBE44009A5875 /* Base */,
			);
			name = Main.storyboard;
			sourceTree = "<group>";
		};
		29C9921A1C7FBE44009A5875 /* LaunchScreen.storyboard */ = {
			isa = PBXVariantGroup;
			children = (
				29C9921B1C7FBE44009A5875 /* Base */,
			);
			name = LaunchScreen.storyboard;
			sourceTree = "<group>";
		};
/* End PBXVariantGroup section */

/* Begin XCBuildConfiguration section */
		29C9921E1C7FBE44009A5875 /* Debug */ = {
			isa = XCBuildConfiguration;
			buildSettings = {
				ALWAYS_SEARCH_USER_PATHS = NO;
				CLANG_CXX_LANGUAGE_STANDARD = "gnu++0x";
				CLANG_CXX_LIBRARY = "libc++";
				CLANG_ENABLE_MODULES = YES;
				CLANG_ENABLE_OBJC_ARC = YES;
				CLANG_WARN_BOOL_CONVERSION = YES;
				CLANG_WARN_CONSTANT_CONVERSION = YES;
				CLANG_WARN_DIRECT_OBJC_ISA_USAGE = YES_ERROR;
				CLANG_WARN_EMPTY_BODY = YES;
				CLANG_WARN_ENUM_CONVERSION = YES;
				CLANG_WARN_INT_CONVERSION = YES;
				CLANG_WARN_OBJC_ROOT_CLASS = YES_ERROR;
				CLANG_WARN_UNREACHABLE_CODE = YES;
				CLANG_WARN__DUPLICATE_METHOD_MATCH = YES;
				"CODE_SIGN_IDENTITY[sdk=iphoneos*]" = "iPhone Developer";
				COPY_PHASE_STRIP = NO;
				DEBUG_INFORMATION_FORMAT = dwarf;
				ENABLE_STRICT_OBJC_MSGSEND = YES;
				ENABLE_TESTABILITY = YES;
				GCC_C_LANGUAGE_STANDARD = gnu99;
				GCC_DYNAMIC_NO_PIC = NO;
				GCC_NO_COMMON_BLOCKS = YES;
				GCC_OPTIMIZATION_LEVEL = 0;
				GCC_PREPROCESSOR_DEFINITIONS = (
					"DEBUG=1",
					"$(inherited)",
				);
				GCC_WARN_64_TO_32_BIT_CONVERSION = YES;
				GCC_WARN_ABOUT_RETURN_TYPE = YES_ERROR;
				GCC_WARN_UNDECLARED_SELECTOR = YES;
				GCC_WARN_UNINITIALIZED_AUTOS = YES_AGGRESSIVE;
				GCC_WARN_UNUSED_FUNCTION = YES;
				GCC_WARN_UNUSED_VARIABLE = YES;
				IPHONEOS_DEPLOYMENT_TARGET = 9.2;
				MTL_ENABLE_DEBUG_INFO = YES;
				ONLY_ACTIVE_ARCH = YES;
				SDKROOT = iphoneos;
				SWIFT_OPTIMIZATION_LEVEL = "-Onone";
			};
			name = Debug;
		};
		29C9921F1C7FBE44009A5875 /* Release */ = {
			isa = XCBuildConfiguration;
			buildSettings = {
				ALWAYS_SEARCH_USER_PATHS = NO;
				CLANG_CXX_LANGUAGE_STANDARD = "gnu++0x";
				CLANG_CXX_LIBRARY = "libc++";
				CLANG_ENABLE_MODULES = YES;
				CLANG_ENABLE_OBJC_ARC = YES;
				CLANG_WARN_BOOL_CONVERSION = YES;
				CLANG_WARN_CONSTANT_CONVERSION = YES;
				CLANG_WARN_DIRECT_OBJC_ISA_USAGE = YES_ERROR;
				CLANG_WARN_EMPTY_BODY = YES;
				CLANG_WARN_ENUM_CONVERSION = YES;
				CLANG_WARN_INT_CONVERSION = YES;
				CLANG_WARN_OBJC_ROOT_CLASS = YES_ERROR;
				CLANG_WARN_UNREACHABLE_CODE = YES;
				CLANG_WARN__DUPLICATE_METHOD_MATCH = YES;
				"CODE_SIGN_IDENTITY[sdk=iphoneos*]" = "iPhone Developer";
				COPY_PHASE_STRIP = NO;
				DEBUG_INFORMATION_FORMAT = "dwarf-with-dsym";
				ENABLE_NS_ASSERTIONS = NO;
				ENABLE_STRICT_OBJC_MSGSEND = YES;
				GCC_C_LANGUAGE_STANDARD = gnu99;
				GCC_NO_COMMON_BLOCKS = YES;
				GCC_WARN_64_TO_32_BIT_CONVERSION = YES;
				GCC_WARN_ABOUT_RETURN_TYPE = YES_ERROR;
				GCC_WARN_UNDECLARED_SELECTOR = YES;
				GCC_WARN_UNINITIALIZED_AUTOS = YES_AGGRESSIVE;
				GCC_WARN_UNUSED_FUNCTION = YES;
				GCC_WARN_UNUSED_VARIABLE = YES;
				IPHONEOS_DEPLOYMENT_TARGET = 9.2;
				MTL_ENABLE_DEBUG_INFO = NO;
				SDKROOT = iphoneos;
				VALIDATE_PRODUCT = YES;
			};
			name = Release;
		};
		29C992211C7FBE44009A5875 /* Debug */ = {
			isa = XCBuildConfiguration;
			baseConfigurationReference = 66F6B1ED97594162441E0951 /* Pods-WhereUAt.debug.xcconfig */;
			buildSettings = {
				ASSETCATALOG_COMPILER_APPICON_NAME = AppIcon;
				INFOPLIST_FILE = WhereUAt/Info.plist;
				LD_RUNPATH_SEARCH_PATHS = "$(inherited) @executable_path/Frameworks";
				PRODUCT_BUNDLE_IDENTIFIER = WhereUAt.WhereUAt;
				PRODUCT_NAME = "$(TARGET_NAME)";
			};
			name = Debug;
		};
		29C992221C7FBE44009A5875 /* Release */ = {
			isa = XCBuildConfiguration;
			baseConfigurationReference = 1B872254887E2164F286703E /* Pods-WhereUAt.release.xcconfig */;
			buildSettings = {
				ASSETCATALOG_COMPILER_APPICON_NAME = AppIcon;
				INFOPLIST_FILE = WhereUAt/Info.plist;
				LD_RUNPATH_SEARCH_PATHS = "$(inherited) @executable_path/Frameworks";
				PRODUCT_BUNDLE_IDENTIFIER = WhereUAt.WhereUAt;
				PRODUCT_NAME = "$(TARGET_NAME)";
			};
			name = Release;
		};
/* End XCBuildConfiguration section */

/* Begin XCConfigurationList section */
		29C992091C7FBE44009A5875 /* Build configuration list for PBXProject "WhereUAt" */ = {
			isa = XCConfigurationList;
			buildConfigurations = (
				29C9921E1C7FBE44009A5875 /* Debug */,
				29C9921F1C7FBE44009A5875 /* Release */,
			);
			defaultConfigurationIsVisible = 0;
			defaultConfigurationName = Release;
		};
		29C992201C7FBE44009A5875 /* Build configuration list for PBXNativeTarget "WhereUAt" */ = {
			isa = XCConfigurationList;
			buildConfigurations = (
				29C992211C7FBE44009A5875 /* Debug */,
				29C992221C7FBE44009A5875 /* Release */,
			);
			defaultConfigurationIsVisible = 0;
			defaultConfigurationName = Release;
		};
/* End XCConfigurationList section */
	};
	rootObject = 29C992061C7FBE44009A5875 /* Project object */;
}
